
Microsoft Visual Studio Solution File, Format Version 12.00
# Visual Studio 15
VisualStudioVersion = 15.0.26403.7
MinimumVisualStudioVersion = 10.0.40219.1
Project("{FAE04EC0-301F-11D3-BF4B-00C04F79EFBC}") = "Afterman.Testing", "Afterman.Testing\Afterman.Testing.csproj", "{1D759572-0937-4798-A2BE-52213E3F6453}"
EndProject
Project("{2150E333-8FDC-42A3-9474-1A3956D46DE8}") = "Tests", "Tests", "{F616DE3B-401F-4B8C-8E42-CB3E7884489F}"
EndProject
Project("{2150E333-8FDC-42A3-9474-1A3956D46DE8}") = "Adapters", "Adapters", "{A7C67CCD-04E7-4DEB-AE19-2EC95ED76EB5}"
EndProject
Project("{FAE04EC0-301F-11D3-BF4B-00C04F79EFBC}") = "Afterman.Testing.Tests.Classic", "tests\Afterman.Testing.Tests.Classic\Afterman.Testing.Tests.Classic.csproj", "{365F78D7-6882-4955-8ED9-EA5C7A18FE54}"
EndProject
Project("{FAE04EC0-301F-11D3-BF4B-00C04F79EFBC}") = "Afterman.Testing.Adapters.nRepo", "src\Afterman.Testing.Adapters.nRepo\Afterman.Testing.Adapters.nRepo.csproj", "{1A289CAB-6C1D-4322-BDFA-C476B1EA4600}"
EndProject
Project("{FAE04EC0-301F-11D3-BF4B-00C04F79EFBC}") = "Afterman.Testing.Adapters.nRepo.Tests", "tests\Afterman.Testing.Adapters.nRepo.Tests\Afterman.Testing.Adapters.nRepo.Tests.csproj", "{1FF22DFF-1E36-41A5-806B-71331C4C1ABE}"
EndProject
Global
	GlobalSection(SolutionConfigurationPlatforms) = preSolution
		Debug|Any CPU = Debug|Any CPU
		Release|Any CPU = Release|Any CPU
	EndGlobalSection
	GlobalSection(ProjectConfigurationPlatforms) = postSolution
		{1D759572-0937-4798-A2BE-52213E3F6453}.Debug|Any CPU.ActiveCfg = Debug|Any CPU
		{1D759572-0937-4798-A2BE-52213E3F6453}.Debug|Any CPU.Build.0 = Debug|Any CPU
		{1D759572-0937-4798-A2BE-52213E3F6453}.Release|Any CPU.ActiveCfg = Release|Any CPU
		{1D759572-0937-4798-A2BE-52213E3F6453}.Release|Any CPU.Build.0 = Release|Any CPU
		{365F78D7-6882-4955-8ED9-EA5C7A18FE54}.Debug|Any CPU.ActiveCfg = Debug|Any CPU
		{365F78D7-6882-4955-8ED9-EA5C7A18FE54}.Debug|Any CPU.Build.0 = Debug|Any CPU
		{365F78D7-6882-4955-8ED9-EA5C7A18FE54}.Release|Any CPU.ActiveCfg = Release|Any CPU
		{365F78D7-6882-4955-8ED9-EA5C7A18FE54}.Release|Any CPU.Build.0 = Release|Any CPU
		{1A289CAB-6C1D-4322-BDFA-C476B1EA4600}.Debug|Any CPU.ActiveCfg = Debug|Any CPU
		{1A289CAB-6C1D-4322-BDFA-C476B1EA4600}.Debug|Any CPU.Build.0 = Debug|Any CPU
		{1A289CAB-6C1D-4322-BDFA-C476B1EA4600}.Release|Any CPU.ActiveCfg = Release|Any CPU
		{1A289CAB-6C1D-4322-BDFA-C476B1EA4600}.Release|Any CPU.Build.0 = Release|Any CPU
		{1FF22DFF-1E36-41A5-806B-71331C4C1ABE}.Debug|Any CPU.ActiveCfg = Debug|Any CPU
		{1FF22DFF-1E36-41A5-806B-71331C4C1ABE}.Debug|Any CPU.Build.0 = Debug|Any CPU
		{1FF22DFF-1E36-41A5-806B-71331C4C1ABE}.Release|Any CPU.ActiveCfg = Release|Any CPU
		{1FF22DFF-1E36-41A5-806B-71331C4C1ABE}.Release|Any CPU.Build.0 = Release|Any CPU
	EndGlobalSection
	GlobalSection(SolutionProperties) = preSolution
		HideSolutionNode = FALSE
	EndGlobalSection
	GlobalSection(NestedProjects) = preSolution
		{365F78D7-6882-4955-8ED9-EA5C7A18FE54} = {F616DE3B-401F-4B8C-8E42-CB3E7884489F}
		{1A289CAB-6C1D-4322-BDFA-C476B1EA4600} = {A7C67CCD-04E7-4DEB-AE19-2EC95ED76EB5}
		{1FF22DFF-1E36-41A5-806B-71331C4C1ABE} = {F616DE3B-401F-4B8C-8E42-CB3E7884489F}
	EndGlobalSection
EndGlobal
